
Microsoft Visual Studio Solution File, Format Version 12.00
# Visual Studio 15
VisualStudioVersion = 15.0.27004.2009
MinimumVisualStudioVersion = 10.0.40219.1
Project("{FAE04EC0-301F-11D3-BF4B-00C04F79EFBC}") = "WindowsFormsCalc", "WindowsFormsCalc.csproj", "{FDCD0984-CE56-412D-8EA3-E3DE630FC084}"
EndProject
Global
	GlobalSection(SolutionConfigurationPlatforms) = preSolution
		Debug|Any CPU = Debug|Any CPU
		Release|Any CPU = Release|Any CPU
	EndGlobalSection
	GlobalSection(ProjectConfigurationPlatforms) = postSolution
		{FDCD0984-CE56-412D-8EA3-E3DE630FC084}.Debug|Any CPU.ActiveCfg = Debug|Any CPU
		{FDCD0984-CE56-412D-8EA3-E3DE630FC084}.Debug|Any CPU.Build.0 = Debug|Any CPU
		{FDCD0984-CE56-412D-8EA3-E3DE630FC084}.Release|Any CPU.ActiveCfg = Release|Any CPU
		{FDCD0984-CE56-412D-8EA3-E3DE630FC084}.Release|Any CPU.Build.0 = Release|Any CPU
	EndGlobalSection
	GlobalSection(SolutionProperties) = preSolution
		HideSolutionNode = FALSE
	EndGlobalSection
	GlobalSection(ExtensibilityGlobals) = postSolution
		SolutionGuid = {9AA2AAD5-2BE6-44AF-969B-0CB791D8B923}
	EndGlobalSection
EndGlobal
