
Microsoft Visual Studio Solution File, Format Version 12.00
# Visual Studio 15
VisualStudioVersion = 15.0.27004.2009
MinimumVisualStudioVersion = 10.0.40219.1
Project("{FAE04EC0-301F-11D3-BF4B-00C04F79EFBC}") = "arrays", "arrays.csproj", "{391C1BA7-4AD1-4D29-8560-36EE3073C9B1}"
EndProject
Global
	GlobalSection(SolutionConfigurationPlatforms) = preSolution
		Debug|Any CPU = Debug|Any CPU
		Release|Any CPU = Release|Any CPU
	EndGlobalSection
	GlobalSection(ProjectConfigurationPlatforms) = postSolution
		{391C1BA7-4AD1-4D29-8560-36EE3073C9B1}.Debug|Any CPU.ActiveCfg = Debug|Any CPU
		{391C1BA7-4AD1-4D29-8560-36EE3073C9B1}.Debug|Any CPU.Build.0 = Debug|Any CPU
		{391C1BA7-4AD1-4D29-8560-36EE3073C9B1}.Release|Any CPU.ActiveCfg = Release|Any CPU
		{391C1BA7-4AD1-4D29-8560-36EE3073C9B1}.Release|Any CPU.Build.0 = Release|Any CPU
	EndGlobalSection
	GlobalSection(SolutionProperties) = preSolution
		HideSolutionNode = FALSE
	EndGlobalSection
	GlobalSection(ExtensibilityGlobals) = postSolution
		SolutionGuid = {928DC2BB-0A32-4CEB-B454-6CB2B1887630}
	EndGlobalSection
EndGlobal
